
Microsoft Visual Studio Solution File, Format Version 12.00
# Visual Studio Version 16
VisualStudioVersion = 16.0.29728.190
MinimumVisualStudioVersion = 10.0.40219.1
Project("{FAE04EC0-301F-11D3-BF4B-00C04F79EFBC}") = "MvcMovie", "MvcMovie.csproj", "{14445E62-5BB3-4ED8-8824-0E49382FBFB8}"
EndProject
Global
	GlobalSection(SolutionConfigurationPlatforms) = preSolution
		Debug|Any CPU = Debug|Any CPU
		Release|Any CPU = Release|Any CPU
	EndGlobalSection
	GlobalSection(ProjectConfigurationPlatforms) = postSolution
		{14445E62-5BB3-4ED8-8824-0E49382FBFB8}.Debug|Any CPU.ActiveCfg = Debug|Any CPU
		{14445E62-5BB3-4ED8-8824-0E49382FBFB8}.Debug|Any CPU.Build.0 = Debug|Any CPU
		{14445E62-5BB3-4ED8-8824-0E49382FBFB8}.Release|Any CPU.ActiveCfg = Release|Any CPU
		{14445E62-5BB3-4ED8-8824-0E49382FBFB8}.Release|Any CPU.Build.0 = Release|Any CPU
	EndGlobalSection
	GlobalSection(SolutionProperties) = preSolution
		HideSolutionNode = FALSE
	EndGlobalSection
	GlobalSection(ExtensibilityGlobals) = postSolution
		SolutionGuid = {5A57F0E8-5B39-4152-8290-AABB7367397B}
	EndGlobalSection
EndGlobal
